# This file is automatically @generated by Cargo.
# It is not intended for manual editing.
version = 3

[[package]]
name = "autocfg"
version = "1.1.0"
source = "registry+https://github.com/rust-lang/crates.io-index"
checksum = "d468802bab17cbc0cc575e9b053f41e72aa36bfa6b7f55e3529ffa43161b97fa"

[[package]]
name = "kd-tree"
version = "0.4.2"
source = "registry+https://github.com/rust-lang/crates.io-index"
checksum = "9188b383af4f1e1131b0d7065060b0ab808995c5bd18b8bbcff73c7c6af61afc"
dependencies = [
 "num-traits",
 "ordered-float",
 "paste",
 "pdqselect",
 "typenum",
]

[[package]]
name = "num-traits"
version = "0.2.15"
source = "registry+https://github.com/rust-lang/crates.io-index"
checksum = "578ede34cf02f8924ab9447f50c28075b4d3e5b269972345e7e0372b38c6cdcd"
dependencies = [
 "autocfg",
]

[[package]]
name = "ordered-float"
version = "3.3.0"
source = "registry+https://github.com/rust-lang/crates.io-index"
checksum = "1f74e330193f90ec45e2b257fa3ef6df087784157ac1ad2c1e71c62837b03aa7"
dependencies = [
 "num-traits",
]

[[package]]
name = "paste"
version = "1.0.9"
source = "registry+https://github.com/rust-lang/crates.io-index"
checksum = "b1de2e551fb905ac83f73f7aedf2f0cb4a0da7e35efa24a202a936269f1f18e1"

[[package]]
name = "pdqselect"
version = "0.1.1"
source = "registry+https://github.com/rust-lang/crates.io-index"
checksum = "7778906d9321dd56cde1d1ffa69a73e59dcf5fda6d366f62727adf2bd4193aee"

[[package]]
name = "quick-csv"
version = "0.1.6"
source = "registry+https://github.com/rust-lang/crates.io-index"
checksum = "edf4b7701db7d2e4c9c010f21eebd8676a50f79223a0cf858162d24bff47338c"
dependencies = [
 "rustc-serialize",
]

[[package]]
name = "rustc-serialize"
version = "0.3.24"
source = "registry+https://github.com/rust-lang/crates.io-index"
checksum = "dcf128d1287d2ea9d80910b5f1120d0b8eede3fbf1abe91c40d39ea7d51e6fda"

[[package]]
name = "samko_hpdso22_stockholm_challenge"
version = "0.1.0"
dependencies = [
 "kd-tree",
 "quick-csv",
 "typenum",
]

[[package]]
name = "typenum"
version = "1.15.0"
source = "registry+https://github.com/rust-lang/crates.io-index"
checksum = "dcf81ac59edc17cc8697ff311e8f5ef2d99fcbd9817b34cec66f90b6c3dfd987"
